// !$*UTF8*$!
{
	archiveVersion = 1;
	classes = {
	};
	objectVersion = 55;
	objects = {

/* Begin PBXBuildFile section */
		60470CE329086E7300616BAC /* AppDelegate.swift in Sources */ = {isa = PBXBuildFile; fileRef = 60470CE229086E7300616BAC /* AppDelegate.swift */; };
		60470CE529086E7300616BAC /* SceneDelegate.swift in Sources */ = {isa = PBXBuildFile; fileRef = 60470CE429086E7300616BAC /* SceneDelegate.swift */; };
		60470CE729086E7300616BAC /* HomeViewController.swift in Sources */ = {isa = PBXBuildFile; fileRef = 60470CE629086E7300616BAC /* HomeViewController.swift */; };
		60470CEA29086E7300616BAC /* Main.storyboard in Resources */ = {isa = PBXBuildFile; fileRef = 60470CE829086E7300616BAC /* Main.storyboard */; };
		60470CEC29086E7400616BAC /* Assets.xcassets in Resources */ = {isa = PBXBuildFile; fileRef = 60470CEB29086E7400616BAC /* Assets.xcassets */; };
		60470CEF29086E7400616BAC /* LaunchScreen.storyboard in Resources */ = {isa = PBXBuildFile; fileRef = 60470CED29086E7400616BAC /* LaunchScreen.storyboard */; };
		60470CFC29086F4600616BAC /* ExploreViewController.swift in Sources */ = {isa = PBXBuildFile; fileRef = 60470CFB29086F4600616BAC /* ExploreViewController.swift */; };
		60470CFE29086F6000616BAC /* CameraViewController.swift in Sources */ = {isa = PBXBuildFile; fileRef = 60470CFD29086F6000616BAC /* CameraViewController.swift */; };
		60470D0029086F7100616BAC /* NotificationViewController.swift in Sources */ = {isa = PBXBuildFile; fileRef = 60470CFF29086F7100616BAC /* NotificationViewController.swift */; };
		60470D0229086F7A00616BAC /* ProfileViewController.swift in Sources */ = {isa = PBXBuildFile; fileRef = 60470D0129086F7A00616BAC /* ProfileViewController.swift */; };
		60470D0629086FD900616BAC /* LoginViewController.swift in Sources */ = {isa = PBXBuildFile; fileRef = 60470D0529086FD900616BAC /* LoginViewController.swift */; };
		60470D0829086FE900616BAC /* RegistrationViewController.swift in Sources */ = {isa = PBXBuildFile; fileRef = 60470D0729086FE900616BAC /* RegistrationViewController.swift */; };
		60470D0B2908700800616BAC /* PostViewController.swift in Sources */ = {isa = PBXBuildFile; fileRef = 60470D0A2908700800616BAC /* PostViewController.swift */; };
		60470D0D2908702600616BAC /* EditViewController.swift in Sources */ = {isa = PBXBuildFile; fileRef = 60470D0C2908702600616BAC /* EditViewController.swift */; };
		60470D0F2908703100616BAC /* SettingsViewController.swift in Sources */ = {isa = PBXBuildFile; fileRef = 60470D0E2908703100616BAC /* SettingsViewController.swift */; };
		60470D112908703C00616BAC /* ListViewController.swift in Sources */ = {isa = PBXBuildFile; fileRef = 60470D102908703C00616BAC /* ListViewController.swift */; };
		60470D132908704D00616BAC /* SearchViewController.swift in Sources */ = {isa = PBXBuildFile; fileRef = 60470D122908704D00616BAC /* SearchViewController.swift */; };
		60470D152908705F00616BAC /* SearchResultViewController.swift in Sources */ = {isa = PBXBuildFile; fileRef = 60470D142908705F00616BAC /* SearchResultViewController.swift */; };
		60470D172908708B00616BAC /* PostEditorViewController.swift in Sources */ = {isa = PBXBuildFile; fileRef = 60470D162908708B00616BAC /* PostEditorViewController.swift */; };
		60470D192908709700616BAC /* PublishPostViewController.swift in Sources */ = {isa = PBXBuildFile; fileRef = 60470D182908709700616BAC /* PublishPostViewController.swift */; };
/* End PBXBuildFile section */

/* Begin PBXFileReference section */
		60470CDF29086E7300616BAC /* Instagram App.app */ = {isa = PBXFileReference; explicitFileType = wrapper.application; includeInIndex = 0; path = "Instagram App.app"; sourceTree = BUILT_PRODUCTS_DIR; };
		60470CE229086E7300616BAC /* AppDelegate.swift */ = {isa = PBXFileReference; lastKnownFileType = sourcecode.swift; path = AppDelegate.swift; sourceTree = "<group>"; };
		60470CE429086E7300616BAC /* SceneDelegate.swift */ = {isa = PBXFileReference; lastKnownFileType = sourcecode.swift; path = SceneDelegate.swift; sourceTree = "<group>"; };
		60470CE629086E7300616BAC /* HomeViewController.swift */ = {isa = PBXFileReference; lastKnownFileType = sourcecode.swift; path = HomeViewController.swift; sourceTree = "<group>"; };
		60470CE929086E7300616BAC /* Base */ = {isa = PBXFileReference; lastKnownFileType = file.storyboard; name = Base; path = Base.lproj/Main.storyboard; sourceTree = "<group>"; };
		60470CEB29086E7400616BAC /* Assets.xcassets */ = {isa = PBXFileReference; lastKnownFileType = folder.assetcatalog; path = Assets.xcassets; sourceTree = "<group>"; };
		60470CEE29086E7400616BAC /* Base */ = {isa = PBXFileReference; lastKnownFileType = file.storyboard; name = Base; path = Base.lproj/LaunchScreen.storyboard; sourceTree = "<group>"; };
		60470CF029086E7400616BAC /* Info.plist */ = {isa = PBXFileReference; lastKnownFileType = text.plist.xml; path = Info.plist; sourceTree = "<group>"; };
		60470CFB29086F4600616BAC /* ExploreViewController.swift */ = {isa = PBXFileReference; lastKnownFileType = sourcecode.swift; path = ExploreViewController.swift; sourceTree = "<group>"; };
		60470CFD29086F6000616BAC /* CameraViewController.swift */ = {isa = PBXFileReference; lastKnownFileType = sourcecode.swift; path = CameraViewController.swift; sourceTree = "<group>"; };
		60470CFF29086F7100616BAC /* NotificationViewController.swift */ = {isa = PBXFileReference; lastKnownFileType = sourcecode.swift; path = NotificationViewController.swift; sourceTree = "<group>"; };
		60470D0129086F7A00616BAC /* ProfileViewController.swift */ = {isa = PBXFileReference; lastKnownFileType = sourcecode.swift; path = ProfileViewController.swift; sourceTree = "<group>"; };
		60470D0529086FD900616BAC /* LoginViewController.swift */ = {isa = PBXFileReference; lastKnownFileType = sourcecode.swift; path = LoginViewController.swift; sourceTree = "<group>"; };
		60470D0729086FE900616BAC /* RegistrationViewController.swift */ = {isa = PBXFileReference; lastKnownFileType = sourcecode.swift; path = RegistrationViewController.swift; sourceTree = "<group>"; };
		60470D0A2908700800616BAC /* PostViewController.swift */ = {isa = PBXFileReference; lastKnownFileType = sourcecode.swift; path = PostViewController.swift; sourceTree = "<group>"; };
		60470D0C2908702600616BAC /* EditViewController.swift */ = {isa = PBXFileReference; lastKnownFileType = sourcecode.swift; path = EditViewController.swift; sourceTree = "<group>"; };
		60470D0E2908703100616BAC /* SettingsViewController.swift */ = {isa = PBXFileReference; lastKnownFileType = sourcecode.swift; path = SettingsViewController.swift; sourceTree = "<group>"; };
		60470D102908703C00616BAC /* ListViewController.swift */ = {isa = PBXFileReference; lastKnownFileType = sourcecode.swift; path = ListViewController.swift; sourceTree = "<group>"; };
		60470D122908704D00616BAC /* SearchViewController.swift */ = {isa = PBXFileReference; lastKnownFileType = sourcecode.swift; path = SearchViewController.swift; sourceTree = "<group>"; };
		60470D142908705F00616BAC /* SearchResultViewController.swift */ = {isa = PBXFileReference; lastKnownFileType = sourcecode.swift; path = SearchResultViewController.swift; sourceTree = "<group>"; };
		60470D162908708B00616BAC /* PostEditorViewController.swift */ = {isa = PBXFileReference; lastKnownFileType = sourcecode.swift; path = PostEditorViewController.swift; sourceTree = "<group>"; };
		60470D182908709700616BAC /* PublishPostViewController.swift */ = {isa = PBXFileReference; lastKnownFileType = sourcecode.swift; path = PublishPostViewController.swift; sourceTree = "<group>"; };
/* End PBXFileReference section */

/* Begin PBXFrameworksBuildPhase section */
		60470CDC29086E7300616BAC /* Frameworks */ = {
			isa = PBXFrameworksBuildPhase;
			buildActionMask = 2147483647;
			files = (
			);
			runOnlyForDeploymentPostprocessing = 0;
		};
/* End PBXFrameworksBuildPhase section */

/* Begin PBXGroup section */
		60470CD629086E7300616BAC = {
			isa = PBXGroup;
			children = (
				60470CE129086E7300616BAC /* Instagram App */,
				60470CE029086E7300616BAC /* Products */,
			);
			sourceTree = "<group>";
		};
		60470CE029086E7300616BAC /* Products */ = {
			isa = PBXGroup;
			children = (
				60470CDF29086E7300616BAC /* Instagram App.app */,
			);
			name = Products;
			sourceTree = "<group>";
		};
		60470CE129086E7300616BAC /* Instagram App */ = {
			isa = PBXGroup;
			children = (
				60470CF929086EBD00616BAC /* Resources */,
				60470CF829086EB700616BAC /* Models */,
				60470CF729086EB100616BAC /* Views */,
				60470CF629086EA700616BAC /* Controllers */,
				60470CF029086E7400616BAC /* Info.plist */,
			);
			path = "Instagram App";
			sourceTree = "<group>";
		};
		60470CF629086EA700616BAC /* Controllers */ = {
			isa = PBXGroup;
			children = (
				60470D0929086FF200616BAC /* Other */,
				60470D0329086F9500616BAC /* CoreTabs */,
			);
			path = Controllers;
			sourceTree = "<group>";
		};
		60470CF729086EB100616BAC /* Views */ = {
			isa = PBXGroup;
			children = (
				60470CFA29086EF300616BAC /* Storyboards */,
			);
			path = Views;
			sourceTree = "<group>";
		};
		60470CF829086EB700616BAC /* Models */ = {
			isa = PBXGroup;
			children = (
			);
			path = Models;
			sourceTree = "<group>";
		};
		60470CF929086EBD00616BAC /* Resources */ = {
			isa = PBXGroup;
			children = (
				60470CE229086E7300616BAC /* AppDelegate.swift */,
				60470CE429086E7300616BAC /* SceneDelegate.swift */,
				60470CEB29086E7400616BAC /* Assets.xcassets */,
			);
			path = Resources;
			sourceTree = "<group>";
		};
		60470CFA29086EF300616BAC /* Storyboards */ = {
			isa = PBXGroup;
			children = (
				60470CE829086E7300616BAC /* Main.storyboard */,
				60470CED29086E7400616BAC /* LaunchScreen.storyboard */,
			);
			path = Storyboards;
			sourceTree = "<group>";
		};
		60470D0329086F9500616BAC /* CoreTabs */ = {
			isa = PBXGroup;
			children = (
				60470CE629086E7300616BAC /* HomeViewController.swift */,
				60470CFB29086F4600616BAC /* ExploreViewController.swift */,
				60470CFD29086F6000616BAC /* CameraViewController.swift */,
				60470CFF29086F7100616BAC /* NotificationViewController.swift */,
				60470D0129086F7A00616BAC /* ProfileViewController.swift */,
			);
			path = CoreTabs;
			sourceTree = "<group>";
		};
		60470D0429086FCA00616BAC /* Onboarding */ = {
			isa = PBXGroup;
			children = (
				60470D0529086FD900616BAC /* LoginViewController.swift */,
				60470D0729086FE900616BAC /* RegistrationViewController.swift */,
			);
			path = Onboarding;
			sourceTree = "<group>";
		};
		60470D0929086FF200616BAC /* Other */ = {
			isa = PBXGroup;
			children = (
				60470D0429086FCA00616BAC /* Onboarding */,
				60470D0A2908700800616BAC /* PostViewController.swift */,
				60470D0C2908702600616BAC /* EditViewController.swift */,
				60470D0E2908703100616BAC /* SettingsViewController.swift */,
				60470D102908703C00616BAC /* ListViewController.swift */,
				60470D122908704D00616BAC /* SearchViewController.swift */,
				60470D142908705F00616BAC /* SearchResultViewController.swift */,
				60470D162908708B00616BAC /* PostEditorViewController.swift */,
				60470D182908709700616BAC /* PublishPostViewController.swift */,
			);
			path = Other;
			sourceTree = "<group>";
		};
/* End PBXGroup section */

/* Begin PBXNativeTarget section */
		60470CDE29086E7300616BAC /* Instagram App */ = {
			isa = PBXNativeTarget;
			buildConfigurationList = 60470CF329086E7400616BAC /* Build configuration list for PBXNativeTarget "Instagram App" */;
			buildPhases = (
				60470CDB29086E7300616BAC /* Sources */,
				60470CDC29086E7300616BAC /* Frameworks */,
				60470CDD29086E7300616BAC /* Resources */,
			);
			buildRules = (
			);
			dependencies = (
			);
			name = "Instagram App";
			productName = "Instagram App";
			productReference = 60470CDF29086E7300616BAC /* Instagram App.app */;
			productType = "com.apple.product-type.application";
		};
/* End PBXNativeTarget section */

/* Begin PBXProject section */
		60470CD729086E7300616BAC /* Project object */ = {
			isa = PBXProject;
			attributes = {
				BuildIndependentTargetsInParallel = 1;
				LastSwiftUpdateCheck = 1340;
				LastUpgradeCheck = 1340;
				TargetAttributes = {
					60470CDE29086E7300616BAC = {
						CreatedOnToolsVersion = 13.4.1;
					};
				};
			};
			buildConfigurationList = 60470CDA29086E7300616BAC /* Build configuration list for PBXProject "Instagram App" */;
			compatibilityVersion = "Xcode 13.0";
			developmentRegion = en;
			hasScannedForEncodings = 0;
			knownRegions = (
				en,
				Base,
			);
			mainGroup = 60470CD629086E7300616BAC;
			productRefGroup = 60470CE029086E7300616BAC /* Products */;
			projectDirPath = "";
			projectRoot = "";
			targets = (
				60470CDE29086E7300616BAC /* Instagram App */,
			);
		};
/* End PBXProject section */

/* Begin PBXResourcesBuildPhase section */
		60470CDD29086E7300616BAC /* Resources */ = {
			isa = PBXResourcesBuildPhase;
			buildActionMask = 2147483647;
			files = (
				60470CEF29086E7400616BAC /* LaunchScreen.storyboard in Resources */,
				60470CEC29086E7400616BAC /* Assets.xcassets in Resources */,
				60470CEA29086E7300616BAC /* Main.storyboard in Resources */,
			);
			runOnlyForDeploymentPostprocessing = 0;
		};
/* End PBXResourcesBuildPhase section */

/* Begin PBXSourcesBuildPhase section */
		60470CDB29086E7300616BAC /* Sources */ = {
			isa = PBXSourcesBuildPhase;
			buildActionMask = 2147483647;
			files = (
				60470CFC29086F4600616BAC /* ExploreViewController.swift in Sources */,
				60470CFE29086F6000616BAC /* CameraViewController.swift in Sources */,
				60470D192908709700616BAC /* PublishPostViewController.swift in Sources */,
				60470D0029086F7100616BAC /* NotificationViewController.swift in Sources */,
				60470D0829086FE900616BAC /* RegistrationViewController.swift in Sources */,
				60470D0B2908700800616BAC /* PostViewController.swift in Sources */,
				60470D172908708B00616BAC /* PostEditorViewController.swift in Sources */,
				60470CE729086E7300616BAC /* HomeViewController.swift in Sources */,
				60470D0629086FD900616BAC /* LoginViewController.swift in Sources */,
				60470D152908705F00616BAC /* SearchResultViewController.swift in Sources */,
				60470D0229086F7A00616BAC /* ProfileViewController.swift in Sources */,
				60470D132908704D00616BAC /* SearchViewController.swift in Sources */,
				60470CE329086E7300616BAC /* AppDelegate.swift in Sources */,
				60470D0D2908702600616BAC /* EditViewController.swift in Sources */,
				60470CE529086E7300616BAC /* SceneDelegate.swift in Sources */,
				60470D112908703C00616BAC /* ListViewController.swift in Sources */,
				60470D0F2908703100616BAC /* SettingsViewController.swift in Sources */,
			);
			runOnlyForDeploymentPostprocessing = 0;
		};
/* End PBXSourcesBuildPhase section */

/* Begin PBXVariantGroup section */
		60470CE829086E7300616BAC /* Main.storyboard */ = {
			isa = PBXVariantGroup;
			children = (
				60470CE929086E7300616BAC /* Base */,
			);
			name = Main.storyboard;
			sourceTree = "<group>";
		};
		60470CED29086E7400616BAC /* LaunchScreen.storyboard */ = {
			isa = PBXVariantGroup;
			children = (
				60470CEE29086E7400616BAC /* Base */,
			);
			name = LaunchScreen.storyboard;
			sourceTree = "<group>";
		};
/* End PBXVariantGroup section */

/* Begin XCBuildConfiguration section */
		60470CF129086E7400616BAC /* Debug */ = {
			isa = XCBuildConfiguration;
			buildSettings = {
				ALWAYS_SEARCH_USER_PATHS = NO;
				CLANG_ANALYZER_NONNULL = YES;
				CLANG_ANALYZER_NUMBER_OBJECT_CONVERSION = YES_AGGRESSIVE;
				CLANG_CXX_LANGUAGE_STANDARD = "gnu++17";
				CLANG_ENABLE_MODULES = YES;
				CLANG_ENABLE_OBJC_ARC = YES;
				CLANG_ENABLE_OBJC_WEAK = YES;
				CLANG_WARN_BLOCK_CAPTURE_AUTORELEASING = YES;
				CLANG_WARN_BOOL_CONVERSION = YES;
				CLANG_WARN_COMMA = YES;
				CLANG_WARN_CONSTANT_CONVERSION = YES;
				CLANG_WARN_DEPRECATED_OBJC_IMPLEMENTATIONS = YES;
				CLANG_WARN_DIRECT_OBJC_ISA_USAGE = YES_ERROR;
				CLANG_WARN_DOCUMENTATION_COMMENTS = YES;
				CLANG_WARN_EMPTY_BODY = YES;
				CLANG_WARN_ENUM_CONVERSION = YES;
				CLANG_WARN_INFINITE_RECURSION = YES;
				CLANG_WARN_INT_CONVERSION = YES;
				CLANG_WARN_NON_LITERAL_NULL_CONVERSION = YES;
				CLANG_WARN_OBJC_IMPLICIT_RETAIN_SELF = YES;
				CLANG_WARN_OBJC_LITERAL_CONVERSION = YES;
				CLANG_WARN_OBJC_ROOT_CLASS = YES_ERROR;
				CLANG_WARN_QUOTED_INCLUDE_IN_FRAMEWORK_HEADER = YES;
				CLANG_WARN_RANGE_LOOP_ANALYSIS = YES;
				CLANG_WARN_STRICT_PROTOTYPES = YES;
				CLANG_WARN_SUSPICIOUS_MOVE = YES;
				CLANG_WARN_UNGUARDED_AVAILABILITY = YES_AGGRESSIVE;
				CLANG_WARN_UNREACHABLE_CODE = YES;
				CLANG_WARN__DUPLICATE_METHOD_MATCH = YES;
				COPY_PHASE_STRIP = NO;
				DEBUG_INFORMATION_FORMAT = dwarf;
				ENABLE_STRICT_OBJC_MSGSEND = YES;
				ENABLE_TESTABILITY = YES;
				GCC_C_LANGUAGE_STANDARD = gnu11;
				GCC_DYNAMIC_NO_PIC = NO;
				GCC_NO_COMMON_BLOCKS = YES;
				GCC_OPTIMIZATION_LEVEL = 0;
				GCC_PREPROCESSOR_DEFINITIONS = (
					"DEBUG=1",
					"$(inherited)",
				);
				GCC_WARN_64_TO_32_BIT_CONVERSION = YES;
				GCC_WARN_ABOUT_RETURN_TYPE = YES_ERROR;
				GCC_WARN_UNDECLARED_SELECTOR = YES;
				GCC_WARN_UNINITIALIZED_AUTOS = YES_AGGRESSIVE;
				GCC_WARN_UNUSED_FUNCTION = YES;
				GCC_WARN_UNUSED_VARIABLE = YES;
				IPHONEOS_DEPLOYMENT_TARGET = 15.5;
				MTL_ENABLE_DEBUG_INFO = INCLUDE_SOURCE;
				MTL_FAST_MATH = YES;
				ONLY_ACTIVE_ARCH = YES;
				SDKROOT = iphoneos;
				SWIFT_ACTIVE_COMPILATION_CONDITIONS = DEBUG;
				SWIFT_OPTIMIZATION_LEVEL = "-Onone";
			};
			name = Debug;
		};
		60470CF229086E7400616BAC /* Release */ = {
			isa = XCBuildConfiguration;
			buildSettings = {
				ALWAYS_SEARCH_USER_PATHS = NO;
				CLANG_ANALYZER_NONNULL = YES;
				CLANG_ANALYZER_NUMBER_OBJECT_CONVERSION = YES_AGGRESSIVE;
				CLANG_CXX_LANGUAGE_STANDARD = "gnu++17";
				CLANG_ENABLE_MODULES = YES;
				CLANG_ENABLE_OBJC_ARC = YES;
				CLANG_ENABLE_OBJC_WEAK = YES;
				CLANG_WARN_BLOCK_CAPTURE_AUTORELEASING = YES;
				CLANG_WARN_BOOL_CONVERSION = YES;
				CLANG_WARN_COMMA = YES;
				CLANG_WARN_CONSTANT_CONVERSION = YES;
				CLANG_WARN_DEPRECATED_OBJC_IMPLEMENTATIONS = YES;
				CLANG_WARN_DIRECT_OBJC_ISA_USAGE = YES_ERROR;
				CLANG_WARN_DOCUMENTATION_COMMENTS = YES;
				CLANG_WARN_EMPTY_BODY = YES;
				CLANG_WARN_ENUM_CONVERSION = YES;
				CLANG_WARN_INFINITE_RECURSION = YES;
				CLANG_WARN_INT_CONVERSION = YES;
				CLANG_WARN_NON_LITERAL_NULL_CONVERSION = YES;
				CLANG_WARN_OBJC_IMPLICIT_RETAIN_SELF = YES;
				CLANG_WARN_OBJC_LITERAL_CONVERSION = YES;
				CLANG_WARN_OBJC_ROOT_CLASS = YES_ERROR;
				CLANG_WARN_QUOTED_INCLUDE_IN_FRAMEWORK_HEADER = YES;
				CLANG_WARN_RANGE_LOOP_ANALYSIS = YES;
				CLANG_WARN_STRICT_PROTOTYPES = YES;
				CLANG_WARN_SUSPICIOUS_MOVE = YES;
				CLANG_WARN_UNGUARDED_AVAILABILITY = YES_AGGRESSIVE;
				CLANG_WARN_UNREACHABLE_CODE = YES;
				CLANG_WARN__DUPLICATE_METHOD_MATCH = YES;
				COPY_PHASE_STRIP = NO;
				DEBUG_INFORMATION_FORMAT = "dwarf-with-dsym";
				ENABLE_NS_ASSERTIONS = NO;
				ENABLE_STRICT_OBJC_MSGSEND = YES;
				GCC_C_LANGUAGE_STANDARD = gnu11;
				GCC_NO_COMMON_BLOCKS = YES;
				GCC_WARN_64_TO_32_BIT_CONVERSION = YES;
				GCC_WARN_ABOUT_RETURN_TYPE = YES_ERROR;
				GCC_WARN_UNDECLARED_SELECTOR = YES;
				GCC_WARN_UNINITIALIZED_AUTOS = YES_AGGRESSIVE;
				GCC_WARN_UNUSED_FUNCTION = YES;
				GCC_WARN_UNUSED_VARIABLE = YES;
				IPHONEOS_DEPLOYMENT_TARGET = 15.5;
				MTL_ENABLE_DEBUG_INFO = NO;
				MTL_FAST_MATH = YES;
				SDKROOT = iphoneos;
				SWIFT_COMPILATION_MODE = wholemodule;
				SWIFT_OPTIMIZATION_LEVEL = "-O";
				VALIDATE_PRODUCT = YES;
			};
			name = Release;
		};
		60470CF429086E7400616BAC /* Debug */ = {
			isa = XCBuildConfiguration;
			buildSettings = {
				ASSETCATALOG_COMPILER_APPICON_NAME = AppIcon;
				ASSETCATALOG_COMPILER_GLOBAL_ACCENT_COLOR_NAME = AccentColor;
				CODE_SIGN_STYLE = Automatic;
				CURRENT_PROJECT_VERSION = 1;
				DEVELOPMENT_TEAM = 6YX8RWQNTP;
				GENERATE_INFOPLIST_FILE = YES;
				INFOPLIST_FILE = "Instagram App/Info.plist";
				INFOPLIST_KEY_UIApplicationSupportsIndirectInputEvents = YES;
				INFOPLIST_KEY_UILaunchStoryboardName = LaunchScreen;
				INFOPLIST_KEY_UIMainStoryboardFile = Main;
				INFOPLIST_KEY_UISupportedInterfaceOrientations = UIInterfaceOrientationPortrait;
				INFOPLIST_KEY_UISupportedInterfaceOrientations_iPad = "UIInterfaceOrientationPortrait UIInterfaceOrientationPortraitUpsideDown UIInterfaceOrientationLandscapeLeft UIInterfaceOrientationLandscapeRight";
				INFOPLIST_KEY_UISupportedInterfaceOrientations_iPhone = "UIInterfaceOrientationPortrait UIInterfaceOrientationLandscapeLeft UIInterfaceOrientationLandscapeRight";
				LD_RUNPATH_SEARCH_PATHS = (
					"$(inherited)",
					"@executable_path/Frameworks",
				);
				MARKETING_VERSION = 1.0;
				PRODUCT_BUNDLE_IDENTIFIER = "adlet.zhan.Instagram-App";
				PRODUCT_NAME = "$(TARGET_NAME)";
				SWIFT_EMIT_LOC_STRINGS = YES;
				SWIFT_VERSION = 5.0;
				TARGETED_DEVICE_FAMILY = 1;
			};
			name = Debug;
		};
		60470CF529086E7400616BAC /* Release */ = {
			isa = XCBuildConfiguration;
			buildSettings = {
				ASSETCATALOG_COMPILER_APPICON_NAME = AppIcon;
				ASSETCATALOG_COMPILER_GLOBAL_ACCENT_COLOR_NAME = AccentColor;
				CODE_SIGN_STYLE = Automatic;
				CURRENT_PROJECT_VERSION = 1;
				DEVELOPMENT_TEAM = 6YX8RWQNTP;
				GENERATE_INFOPLIST_FILE = YES;
				INFOPLIST_FILE = "Instagram App/Info.plist";
				INFOPLIST_KEY_UIApplicationSupportsIndirectInputEvents = YES;
				INFOPLIST_KEY_UILaunchStoryboardName = LaunchScreen;
				INFOPLIST_KEY_UIMainStoryboardFile = Main;
				INFOPLIST_KEY_UISupportedInterfaceOrientations = UIInterfaceOrientationPortrait;
				INFOPLIST_KEY_UISupportedInterfaceOrientations_iPad = "UIInterfaceOrientationPortrait UIInterfaceOrientationPortraitUpsideDown UIInterfaceOrientationLandscapeLeft UIInterfaceOrientationLandscapeRight";
				INFOPLIST_KEY_UISupportedInterfaceOrientations_iPhone = "UIInterfaceOrientationPortrait UIInterfaceOrientationLandscapeLeft UIInterfaceOrientationLandscapeRight";
				LD_RUNPATH_SEARCH_PATHS = (
					"$(inherited)",
					"@executable_path/Frameworks",
				);
				MARKETING_VERSION = 1.0;
				PRODUCT_BUNDLE_IDENTIFIER = "adlet.zhan.Instagram-App";
				PRODUCT_NAME = "$(TARGET_NAME)";
				SWIFT_EMIT_LOC_STRINGS = YES;
				SWIFT_VERSION = 5.0;
				TARGETED_DEVICE_FAMILY = 1;
			};
			name = Release;
		};
/* End XCBuildConfiguration section */

/* Begin XCConfigurationList section */
		60470CDA29086E7300616BAC /* Build configuration list for PBXProject "Instagram App" */ = {
			isa = XCConfigurationList;
			buildConfigurations = (
				60470CF129086E7400616BAC /* Debug */,
				60470CF229086E7400616BAC /* Release */,
			);
			defaultConfigurationIsVisible = 0;
			defaultConfigurationName = Release;
		};
		60470CF329086E7400616BAC /* Build configuration list for PBXNativeTarget "Instagram App" */ = {
			isa = XCConfigurationList;
			buildConfigurations = (
				60470CF429086E7400616BAC /* Debug */,
				60470CF529086E7400616BAC /* Release */,
			);
			defaultConfigurationIsVisible = 0;
			defaultConfigurationName = Release;
		};
/* End XCConfigurationList section */
	};
	rootObject = 60470CD729086E7300616BAC /* Project object */;
}
